# This file is automatically @generated by Cargo.
# It is not intended for manual editing.
version = 3

[[package]]
name = "rational"
version = "1.5.0"
source = "registry+https://github.com/rust-lang/crates.io-index"
checksum = "04cb5b80a07a398dd9368df8c2e8ae1be87d960a9a64a8c2a2f7996bf7ce4fac"

[[package]]
name = "ti_rand"
version = "0.3.1"
dependencies = [
 "rational",
]
