# This file is automatically @generated by Cargo.
# It is not intended for manual editing.
version = 3

[[package]]
name = "rational"
version = "1.6.0"
source = "registry+https://github.com/rust-lang/crates.io-index"
checksum = "117b580236885b73c6eaf40e38c9629153f70200ac28ae35347a2cb750ce9442"

[[package]]
name = "ti_rand"
version = "0.3.2"
dependencies = [
 "rational",
]
